// !$*UTF8*$!
{
	archiveVersion = 1;
	classes = {
	};
	objectVersion = 55;
	objects = {

/* Begin PBXBuildFile section */
		280CAAC6290898DD00F7E936 /* AppDelegate.swift in Sources */ = {isa = PBXBuildFile; fileRef = 280CAAC5290898DD00F7E936 /* AppDelegate.swift */; };
		280CAAC8290898DD00F7E936 /* SceneDelegate.swift in Sources */ = {isa = PBXBuildFile; fileRef = 280CAAC7290898DD00F7E936 /* SceneDelegate.swift */; };
		280CAACA290898DD00F7E936 /* HomeViewController.swift in Sources */ = {isa = PBXBuildFile; fileRef = 280CAAC9290898DD00F7E936 /* HomeViewController.swift */; };
		280CAACF290898E800F7E936 /* Assets.xcassets in Resources */ = {isa = PBXBuildFile; fileRef = 280CAACE290898E800F7E936 /* Assets.xcassets */; };
		280CAAD2290898E800F7E936 /* LaunchScreen.storyboard in Resources */ = {isa = PBXBuildFile; fileRef = 280CAAD0290898E800F7E936 /* LaunchScreen.storyboard */; };
		280CAADB29089A2E00F7E936 /* SnapKit in Frameworks */ = {isa = PBXBuildFile; productRef = 280CAADA29089A2E00F7E936 /* SnapKit */; };
		280CAADF29089AB100F7E936 /* ToDoTableViewCell.swift in Sources */ = {isa = PBXBuildFile; fileRef = 280CAADE29089AB100F7E936 /* ToDoTableViewCell.swift */; };
		280CAAE529099F1900F7E936 /* Realm in Frameworks */ = {isa = PBXBuildFile; productRef = 280CAAE429099F1900F7E936 /* Realm */; };
		280CAAE729099F1900F7E936 /* RealmSwift in Frameworks */ = {isa = PBXBuildFile; productRef = 280CAAE629099F1900F7E936 /* RealmSwift */; };
/* End PBXBuildFile section */

/* Begin PBXFileReference section */
		280CAAC2290898DD00F7E936 /* To Do - Realm.app */ = {isa = PBXFileReference; explicitFileType = wrapper.application; includeInIndex = 0; path = "To Do - Realm.app"; sourceTree = BUILT_PRODUCTS_DIR; };
		280CAAC5290898DD00F7E936 /* AppDelegate.swift */ = {isa = PBXFileReference; lastKnownFileType = sourcecode.swift; path = AppDelegate.swift; sourceTree = "<group>"; };
		280CAAC7290898DD00F7E936 /* SceneDelegate.swift */ = {isa = PBXFileReference; lastKnownFileType = sourcecode.swift; path = SceneDelegate.swift; sourceTree = "<group>"; };
		280CAAC9290898DD00F7E936 /* HomeViewController.swift */ = {isa = PBXFileReference; lastKnownFileType = sourcecode.swift; path = HomeViewController.swift; sourceTree = "<group>"; };
		280CAACE290898E800F7E936 /* Assets.xcassets */ = {isa = PBXFileReference; lastKnownFileType = folder.assetcatalog; path = Assets.xcassets; sourceTree = "<group>"; };
		280CAAD1290898E800F7E936 /* Base */ = {isa = PBXFileReference; lastKnownFileType = file.storyboard; name = Base; path = Base.lproj/LaunchScreen.storyboard; sourceTree = "<group>"; };
		280CAAD3290898E800F7E936 /* Info.plist */ = {isa = PBXFileReference; lastKnownFileType = text.plist.xml; path = Info.plist; sourceTree = "<group>"; };
		280CAADE29089AB100F7E936 /* ToDoTableViewCell.swift */ = {isa = PBXFileReference; lastKnownFileType = sourcecode.swift; path = ToDoTableViewCell.swift; sourceTree = "<group>"; };
/* End PBXFileReference section */

/* Begin PBXFrameworksBuildPhase section */
		280CAABF290898DD00F7E936 /* Frameworks */ = {
			isa = PBXFrameworksBuildPhase;
			buildActionMask = 2147483647;
			files = (
				280CAAE729099F1900F7E936 /* RealmSwift in Frameworks */,
				280CAAE529099F1900F7E936 /* Realm in Frameworks */,
				280CAADB29089A2E00F7E936 /* SnapKit in Frameworks */,
			);
			runOnlyForDeploymentPostprocessing = 0;
		};
/* End PBXFrameworksBuildPhase section */

/* Begin PBXGroup section */
		280CAAB9290898DD00F7E936 = {
			isa = PBXGroup;
			children = (
				280CAAC4290898DD00F7E936 /* To Do - Realm */,
				280CAAC3290898DD00F7E936 /* Products */,
			);
			sourceTree = "<group>";
		};
		280CAAC3290898DD00F7E936 /* Products */ = {
			isa = PBXGroup;
			children = (
				280CAAC2290898DD00F7E936 /* To Do - Realm.app */,
			);
			name = Products;
			sourceTree = "<group>";
		};
		280CAAC4290898DD00F7E936 /* To Do - Realm */ = {
			isa = PBXGroup;
			children = (
				280CAAC5290898DD00F7E936 /* AppDelegate.swift */,
				280CAAC7290898DD00F7E936 /* SceneDelegate.swift */,
				280CAADC29089A7F00F7E936 /* ViewControllers */,
				280CAACE290898E800F7E936 /* Assets.xcassets */,
				280CAAD0290898E800F7E936 /* LaunchScreen.storyboard */,
				280CAAD3290898E800F7E936 /* Info.plist */,
			);
			path = "To Do - Realm";
			sourceTree = "<group>";
		};
		280CAADC29089A7F00F7E936 /* ViewControllers */ = {
			isa = PBXGroup;
			children = (
				280CAADD29089A8E00F7E936 /* HomeViewController */,
			);
			path = ViewControllers;
			sourceTree = "<group>";
		};
		280CAADD29089A8E00F7E936 /* HomeViewController */ = {
			isa = PBXGroup;
			children = (
				280CAAC9290898DD00F7E936 /* HomeViewController.swift */,
				280CAADE29089AB100F7E936 /* ToDoTableViewCell.swift */,
			);
			path = HomeViewController;
			sourceTree = "<group>";
		};
/* End PBXGroup section */

/* Begin PBXNativeTarget section */
		280CAAC1290898DD00F7E936 /* To Do - Realm */ = {
			isa = PBXNativeTarget;
			buildConfigurationList = 280CAAD6290898E800F7E936 /* Build configuration list for PBXNativeTarget "To Do - Realm" */;
			buildPhases = (
				280CAABE290898DD00F7E936 /* Sources */,
				280CAABF290898DD00F7E936 /* Frameworks */,
				280CAAC0290898DD00F7E936 /* Resources */,
			);
			buildRules = (
			);
			dependencies = (
			);
			name = "To Do - Realm";
			packageProductDependencies = (
				280CAADA29089A2E00F7E936 /* SnapKit */,
				280CAAE429099F1900F7E936 /* Realm */,
				280CAAE629099F1900F7E936 /* RealmSwift */,
			);
			productName = "To Do - Realm";
			productReference = 280CAAC2290898DD00F7E936 /* To Do - Realm.app */;
			productType = "com.apple.product-type.application";
		};
/* End PBXNativeTarget section */

/* Begin PBXProject section */
		280CAABA290898DD00F7E936 /* Project object */ = {
			isa = PBXProject;
			attributes = {
				BuildIndependentTargetsInParallel = 1;
				LastSwiftUpdateCheck = 1320;
				LastUpgradeCheck = 1320;
				TargetAttributes = {
					280CAAC1290898DD00F7E936 = {
						CreatedOnToolsVersion = 13.2.1;
					};
				};
			};
			buildConfigurationList = 280CAABD290898DD00F7E936 /* Build configuration list for PBXProject "To Do - Realm" */;
			compatibilityVersion = "Xcode 13.0";
			developmentRegion = en;
			hasScannedForEncodings = 0;
			knownRegions = (
				en,
				Base,
			);
			mainGroup = 280CAAB9290898DD00F7E936;
			packageReferences = (
				280CAAD929089A2E00F7E936 /* XCRemoteSwiftPackageReference "SnapKit" */,
				280CAAE329099F1900F7E936 /* XCRemoteSwiftPackageReference "realm-swift" */,
			);
			productRefGroup = 280CAAC3290898DD00F7E936 /* Products */;
			projectDirPath = "";
			projectRoot = "";
			targets = (
				280CAAC1290898DD00F7E936 /* To Do - Realm */,
			);
		};
/* End PBXProject section */

/* Begin PBXResourcesBuildPhase section */
		280CAAC0290898DD00F7E936 /* Resources */ = {
			isa = PBXResourcesBuildPhase;
			buildActionMask = 2147483647;
			files = (
				280CAAD2290898E800F7E936 /* LaunchScreen.storyboard in Resources */,
				280CAACF290898E800F7E936 /* Assets.xcassets in Resources */,
			);
			runOnlyForDeploymentPostprocessing = 0;
		};
/* End PBXResourcesBuildPhase section */

/* Begin PBXSourcesBuildPhase section */
		280CAABE290898DD00F7E936 /* Sources */ = {
			isa = PBXSourcesBuildPhase;
			buildActionMask = 2147483647;
			files = (
				280CAACA290898DD00F7E936 /* HomeViewController.swift in Sources */,
				280CAAC6290898DD00F7E936 /* AppDelegate.swift in Sources */,
				280CAAC8290898DD00F7E936 /* SceneDelegate.swift in Sources */,
				280CAADF29089AB100F7E936 /* ToDoTableViewCell.swift in Sources */,
			);
			runOnlyForDeploymentPostprocessing = 0;
		};
/* End PBXSourcesBuildPhase section */

/* Begin PBXVariantGroup section */
		280CAAD0290898E800F7E936 /* LaunchScreen.storyboard */ = {
			isa = PBXVariantGroup;
			children = (
				280CAAD1290898E800F7E936 /* Base */,
			);
			name = LaunchScreen.storyboard;
			sourceTree = "<group>";
		};
/* End PBXVariantGroup section */

/* Begin XCBuildConfiguration section */
		280CAAD4290898E800F7E936 /* Debug */ = {
			isa = XCBuildConfiguration;
			buildSettings = {
				ALWAYS_SEARCH_USER_PATHS = NO;
				CLANG_ANALYZER_NONNULL = YES;
				CLANG_ANALYZER_NUMBER_OBJECT_CONVERSION = YES_AGGRESSIVE;
				CLANG_CXX_LANGUAGE_STANDARD = "gnu++17";
				CLANG_CXX_LIBRARY = "libc++";
				CLANG_ENABLE_MODULES = YES;
				CLANG_ENABLE_OBJC_ARC = YES;
				CLANG_ENABLE_OBJC_WEAK = YES;
				CLANG_WARN_BLOCK_CAPTURE_AUTORELEASING = YES;
				CLANG_WARN_BOOL_CONVERSION = YES;
				CLANG_WARN_COMMA = YES;
				CLANG_WARN_CONSTANT_CONVERSION = YES;
				CLANG_WARN_DEPRECATED_OBJC_IMPLEMENTATIONS = YES;
				CLANG_WARN_DIRECT_OBJC_ISA_USAGE = YES_ERROR;
				CLANG_WARN_DOCUMENTATION_COMMENTS = YES;
				CLANG_WARN_EMPTY_BODY = YES;
				CLANG_WARN_ENUM_CONVERSION = YES;
				CLANG_WARN_INFINITE_RECURSION = YES;
				CLANG_WARN_INT_CONVERSION = YES;
				CLANG_WARN_NON_LITERAL_NULL_CONVERSION = YES;
				CLANG_WARN_OBJC_IMPLICIT_RETAIN_SELF = YES;
				CLANG_WARN_OBJC_LITERAL_CONVERSION = YES;
				CLANG_WARN_OBJC_ROOT_CLASS = YES_ERROR;
				CLANG_WARN_QUOTED_INCLUDE_IN_FRAMEWORK_HEADER = YES;
				CLANG_WARN_RANGE_LOOP_ANALYSIS = YES;
				CLANG_WARN_STRICT_PROTOTYPES = YES;
				CLANG_WARN_SUSPICIOUS_MOVE = YES;
				CLANG_WARN_UNGUARDED_AVAILABILITY = YES_AGGRESSIVE;
				CLANG_WARN_UNREACHABLE_CODE = YES;
				CLANG_WARN__DUPLICATE_METHOD_MATCH = YES;
				COPY_PHASE_STRIP = NO;
				DEBUG_INFORMATION_FORMAT = dwarf;
				ENABLE_STRICT_OBJC_MSGSEND = YES;
				ENABLE_TESTABILITY = YES;
				GCC_C_LANGUAGE_STANDARD = gnu11;
				GCC_DYNAMIC_NO_PIC = NO;
				GCC_NO_COMMON_BLOCKS = YES;
				GCC_OPTIMIZATION_LEVEL = 0;
				GCC_PREPROCESSOR_DEFINITIONS = (
					"DEBUG=1",
					"$(inherited)",
				);
				GCC_WARN_64_TO_32_BIT_CONVERSION = YES;
				GCC_WARN_ABOUT_RETURN_TYPE = YES_ERROR;
				GCC_WARN_UNDECLARED_SELECTOR = YES;
				GCC_WARN_UNINITIALIZED_AUTOS = YES_AGGRESSIVE;
				GCC_WARN_UNUSED_FUNCTION = YES;
				GCC_WARN_UNUSED_VARIABLE = YES;
				IPHONEOS_DEPLOYMENT_TARGET = 15.2;
				MTL_ENABLE_DEBUG_INFO = INCLUDE_SOURCE;
				MTL_FAST_MATH = YES;
				ONLY_ACTIVE_ARCH = YES;
				SDKROOT = iphoneos;
				SWIFT_ACTIVE_COMPILATION_CONDITIONS = DEBUG;
				SWIFT_OPTIMIZATION_LEVEL = "-Onone";
			};
			name = Debug;
		};
		280CAAD5290898E800F7E936 /* Release */ = {
			isa = XCBuildConfiguration;
			buildSettings = {
				ALWAYS_SEARCH_USER_PATHS = NO;
				CLANG_ANALYZER_NONNULL = YES;
				CLANG_ANALYZER_NUMBER_OBJECT_CONVERSION = YES_AGGRESSIVE;
				CLANG_CXX_LANGUAGE_STANDARD = "gnu++17";
				CLANG_CXX_LIBRARY = "libc++";
				CLANG_ENABLE_MODULES = YES;
				CLANG_ENABLE_OBJC_ARC = YES;
				CLANG_ENABLE_OBJC_WEAK = YES;
				CLANG_WARN_BLOCK_CAPTURE_AUTORELEASING = YES;
				CLANG_WARN_BOOL_CONVERSION = YES;
				CLANG_WARN_COMMA = YES;
				CLANG_WARN_CONSTANT_CONVERSION = YES;
				CLANG_WARN_DEPRECATED_OBJC_IMPLEMENTATIONS = YES;
				CLANG_WARN_DIRECT_OBJC_ISA_USAGE = YES_ERROR;
				CLANG_WARN_DOCUMENTATION_COMMENTS = YES;
				CLANG_WARN_EMPTY_BODY = YES;
				CLANG_WARN_ENUM_CONVERSION = YES;
				CLANG_WARN_INFINITE_RECURSION = YES;
				CLANG_WARN_INT_CONVERSION = YES;
				CLANG_WARN_NON_LITERAL_NULL_CONVERSION = YES;
				CLANG_WARN_OBJC_IMPLICIT_RETAIN_SELF = YES;
				CLANG_WARN_OBJC_LITERAL_CONVERSION = YES;
				CLANG_WARN_OBJC_ROOT_CLASS = YES_ERROR;
				CLANG_WARN_QUOTED_INCLUDE_IN_FRAMEWORK_HEADER = YES;
				CLANG_WARN_RANGE_LOOP_ANALYSIS = YES;
				CLANG_WARN_STRICT_PROTOTYPES = YES;
				CLANG_WARN_SUSPICIOUS_MOVE = YES;
				CLANG_WARN_UNGUARDED_AVAILABILITY = YES_AGGRESSIVE;
				CLANG_WARN_UNREACHABLE_CODE = YES;
				CLANG_WARN__DUPLICATE_METHOD_MATCH = YES;
				COPY_PHASE_STRIP = NO;
				DEBUG_INFORMATION_FORMAT = "dwarf-with-dsym";
				ENABLE_NS_ASSERTIONS = NO;
				ENABLE_STRICT_OBJC_MSGSEND = YES;
				GCC_C_LANGUAGE_STANDARD = gnu11;
				GCC_NO_COMMON_BLOCKS = YES;
				GCC_WARN_64_TO_32_BIT_CONVERSION = YES;
				GCC_WARN_ABOUT_RETURN_TYPE = YES_ERROR;
				GCC_WARN_UNDECLARED_SELECTOR = YES;
				GCC_WARN_UNINITIALIZED_AUTOS = YES_AGGRESSIVE;
				GCC_WARN_UNUSED_FUNCTION = YES;
				GCC_WARN_UNUSED_VARIABLE = YES;
				IPHONEOS_DEPLOYMENT_TARGET = 15.2;
				MTL_ENABLE_DEBUG_INFO = NO;
				MTL_FAST_MATH = YES;
				SDKROOT = iphoneos;
				SWIFT_COMPILATION_MODE = wholemodule;
				SWIFT_OPTIMIZATION_LEVEL = "-O";
				VALIDATE_PRODUCT = YES;
			};
			name = Release;
		};
		280CAAD7290898E800F7E936 /* Debug */ = {
			isa = XCBuildConfiguration;
			buildSettings = {
				ASSETCATALOG_COMPILER_APPICON_NAME = AppIcon;
				ASSETCATALOG_COMPILER_GLOBAL_ACCENT_COLOR_NAME = AccentColor;
				CODE_SIGN_STYLE = Automatic;
				CURRENT_PROJECT_VERSION = 1;
				GENERATE_INFOPLIST_FILE = YES;
				INFOPLIST_FILE = "To Do - Realm/Info.plist";
				INFOPLIST_KEY_UIApplicationSupportsIndirectInputEvents = YES;
				INFOPLIST_KEY_UILaunchStoryboardName = LaunchScreen;
				INFOPLIST_KEY_UISupportedInterfaceOrientations_iPad = "UIInterfaceOrientationPortrait UIInterfaceOrientationPortraitUpsideDown UIInterfaceOrientationLandscapeLeft UIInterfaceOrientationLandscapeRight";
				INFOPLIST_KEY_UISupportedInterfaceOrientations_iPhone = "UIInterfaceOrientationPortrait UIInterfaceOrientationLandscapeLeft UIInterfaceOrientationLandscapeRight";
				LD_RUNPATH_SEARCH_PATHS = (
					"$(inherited)",
					"@executable_path/Frameworks",
				);
				MARKETING_VERSION = 1.0;
				PRODUCT_BUNDLE_IDENTIFIER = "hr.fer.mikulic.jurica.To-Do---Realm";
				PRODUCT_NAME = "$(TARGET_NAME)";
				SWIFT_EMIT_LOC_STRINGS = YES;
				SWIFT_VERSION = 5.0;
				TARGETED_DEVICE_FAMILY = "1,2";
			};
			name = Debug;
		};
		280CAAD8290898E800F7E936 /* Release */ = {
			isa = XCBuildConfiguration;
			buildSettings = {
				ASSETCATALOG_COMPILER_APPICON_NAME = AppIcon;
				ASSETCATALOG_COMPILER_GLOBAL_ACCENT_COLOR_NAME = AccentColor;
				CODE_SIGN_STYLE = Automatic;
				CURRENT_PROJECT_VERSION = 1;
				GENERATE_INFOPLIST_FILE = YES;
				INFOPLIST_FILE = "To Do - Realm/Info.plist";
				INFOPLIST_KEY_UIApplicationSupportsIndirectInputEvents = YES;
				INFOPLIST_KEY_UILaunchStoryboardName = LaunchScreen;
				INFOPLIST_KEY_UISupportedInterfaceOrientations_iPad = "UIInterfaceOrientationPortrait UIInterfaceOrientationPortraitUpsideDown UIInterfaceOrientationLandscapeLeft UIInterfaceOrientationLandscapeRight";
				INFOPLIST_KEY_UISupportedInterfaceOrientations_iPhone = "UIInterfaceOrientationPortrait UIInterfaceOrientationLandscapeLeft UIInterfaceOrientationLandscapeRight";
				LD_RUNPATH_SEARCH_PATHS = (
					"$(inherited)",
					"@executable_path/Frameworks",
				);
				MARKETING_VERSION = 1.0;
				PRODUCT_BUNDLE_IDENTIFIER = "hr.fer.mikulic.jurica.To-Do---Realm";
				PRODUCT_NAME = "$(TARGET_NAME)";
				SWIFT_EMIT_LOC_STRINGS = YES;
				SWIFT_VERSION = 5.0;
				TARGETED_DEVICE_FAMILY = "1,2";
			};
			name = Release;
		};
/* End XCBuildConfiguration section */

/* Begin XCConfigurationList section */
		280CAABD290898DD00F7E936 /* Build configuration list for PBXProject "To Do - Realm" */ = {
			isa = XCConfigurationList;
			buildConfigurations = (
				280CAAD4290898E800F7E936 /* Debug */,
				280CAAD5290898E800F7E936 /* Release */,
			);
			defaultConfigurationIsVisible = 0;
			defaultConfigurationName = Release;
		};
		280CAAD6290898E800F7E936 /* Build configuration list for PBXNativeTarget "To Do - Realm" */ = {
			isa = XCConfigurationList;
			buildConfigurations = (
				280CAAD7290898E800F7E936 /* Debug */,
				280CAAD8290898E800F7E936 /* Release */,
			);
			defaultConfigurationIsVisible = 0;
			defaultConfigurationName = Release;
		};
/* End XCConfigurationList section */

/* Begin XCRemoteSwiftPackageReference section */
		280CAAD929089A2E00F7E936 /* XCRemoteSwiftPackageReference "SnapKit" */ = {
			isa = XCRemoteSwiftPackageReference;
			repositoryURL = "https://github.com/SnapKit/SnapKit.git";
			requirement = {
				branch = develop;
				kind = branch;
			};
		};
		280CAAE329099F1900F7E936 /* XCRemoteSwiftPackageReference "realm-swift" */ = {
			isa = XCRemoteSwiftPackageReference;
			repositoryURL = "https://github.com/realm/realm-swift.git";
			requirement = {
				branch = master;
				kind = branch;
			};
		};
/* End XCRemoteSwiftPackageReference section */

/* Begin XCSwiftPackageProductDependency section */
		280CAADA29089A2E00F7E936 /* SnapKit */ = {
			isa = XCSwiftPackageProductDependency;
			package = 280CAAD929089A2E00F7E936 /* XCRemoteSwiftPackageReference "SnapKit" */;
			productName = SnapKit;
		};
		280CAAE429099F1900F7E936 /* Realm */ = {
			isa = XCSwiftPackageProductDependency;
			package = 280CAAE329099F1900F7E936 /* XCRemoteSwiftPackageReference "realm-swift" */;
			productName = Realm;
		};
		280CAAE629099F1900F7E936 /* RealmSwift */ = {
			isa = XCSwiftPackageProductDependency;
			package = 280CAAE329099F1900F7E936 /* XCRemoteSwiftPackageReference "realm-swift" */;
			productName = RealmSwift;
		};
/* End XCSwiftPackageProductDependency section */
	};
	rootObject = 280CAABA290898DD00F7E936 /* Project object */;
}
